{
  "version": 4,
  "terraform_version": "1.7.3",
  "serial": 40,
  "lineage": "e1a0a95f-48ce-fbc6-c19a-e2fca41ab7ce",
  "outputs": {},
  "resources": [
    {
      "module": "module.ecsmod",
      "mode": "managed",
      "type": "huaweicloud_compute_instance",
      "name": "ecs_instance",
      "provider": "provider[\"registry.terraform.io/huaweicloud/huaweicloud\"]",
      "instances": [
        {
          "index_key": "0",
          "schema_version": 0,
          "attributes": {
            "access_ip_v4": "10.144.0.65",
            "access_ip_v6": "",
            "admin_pass": null,
            "agency_name": "",
            "agent_list": "",
            "auto_pay": null,
            "auto_renew": null,
            "availability_zone": "sa-brazil-1b",
            "bandwidth": [],
            "charging_mode": "postPaid",
            "created_at": "2024-02-09T15:11:35Z",
            "data_disks": [],
            "delete_disks_on_termination": null,
            "delete_eip_on_termination": true,
            "description": "",
            "eip_id": null,
            "eip_type": null,
            "enterprise_project_id": "0",
            "flavor_id": "s6.small.1",
            "flavor_name": "s6.small.1",
            "id": "b598959f-ab9c-4b7d-90cd-1a1f9e9c7f4d",
            "image_id": "68a783a4-25b2-4069-bc25-d927eeb7f97b",
            "image_name": "CentOS 8.2 64bit",
            "key_pair": null,
            "name": "myinstance",
            "network": [
              {
                "access_network": false,
                "fixed_ip_v4": "10.144.0.65",
                "fixed_ip_v6": "",
                "ipv6_enable": false,
                "mac": "fa:16:8e:2a:9a:db",
                "port": "e36aed45-a5f8-4475-8e00-a06f10c56216",
                "source_dest_check": true,
                "uuid": "0a9352bd-dcae-43b2-91d1-6185f5bf8b66"
              }
            ],
            "period": null,
            "period_unit": null,
            "power_action": null,
            "private_key": null,
            "public_ip": null,
            "region": "sa-brazil-1",
            "scheduler_hints": [],
            "security_group_ids": [
              "710b23ac-dd88-4ce1-ba24-eba17134fd48"
            ],
            "security_groups": [
              "sp-sg001"
            ],
            "spot_duration": null,
            "spot_duration_count": null,
            "spot_maximum_price": null,
            "status": "ACTIVE",
            "stop_before_destroy": false,
            "system_disk_id": "5893ae3c-0950-466b-85af-e015090b7c09",
            "system_disk_iops": 0,
            "system_disk_kms_key_id": "",
            "system_disk_size": 40,
            "system_disk_throughput": 0,
            "system_disk_type": "GPSSD",
            "tags": null,
            "timeouts": null,
            "updated_at": "2024-02-09T15:12:12Z",
            "user_data": null,
            "user_id": null,
            "volume_attached": [
              {
                "boot_index": 0,
                "kms_key_id": "",
                "pci_address": "0000:02:01.0",
                "size": 40,
                "type": "GPSSD",
                "volume_id": "5893ae3c-0950-466b-85af-e015090b7c09"
              }
            ]
          },
          "sensitive_attributes": [],
          "private": "eyJlMmJmYjczMC1lY2FhLTExZTYtOGY4OC0zNDM2M2JjN2M0YzAiOnsiY3JlYXRlIjoxODAwMDAwMDAwMDAwLCJkZWxldGUiOjE4MDAwMDAwMDAwMDAsInVwZGF0ZSI6MTgwMDAwMDAwMDAwMH19"
        }
      ]
    },
    {
      "module": "module.sgroupmod",
      "mode": "managed",
      "type": "huaweicloud_networking_secgroup",
      "name": "custom",
      "provider": "provider[\"registry.terraform.io/huaweicloud/huaweicloud\"]",
      "instances": [
        {
          "index_key": "sg_terraform_01",
          "schema_version": 0,
          "attributes": {
            "created_at": "2024-02-09T13:22:15Z",
            "delete_default_rules": null,
            "description": "Security Group 1",
            "enterprise_project_id": "0",
            "id": "6829b32b-739f-4d5e-83a8-e769ec780489",
            "name": "sg_terraform_01",
            "region": "sa-brazil-1",
            "rules": [
              {
                "action": "allow",
                "description": "",
                "direction": "egress",
                "ethertype": "IPv4",
                "id": "07b30912-6b28-462f-813d-e48315a8e5ad",
                "port_range_max": 8080,
                "port_range_min": 8080,
                "ports": "8080",
                "priority": 1,
                "protocol": "tcp",
                "remote_address_group_id": "",
                "remote_group_id": "",
                "remote_ip_prefix": "0.0.0.0/0"
              },
              {
                "action": "allow",
                "description": "",
                "direction": "ingress",
                "ethertype": "IPv4",
                "id": "3edddcf8-ea76-4c20-b53a-3dd18bb187d8",
                "port_range_max": 8080,
                "port_range_min": 8080,
                "ports": "8080",
                "priority": 1,
                "protocol": "tcp",
                "remote_address_group_id": "",
                "remote_group_id": "",
                "remote_ip_prefix": "0.0.0.0/0"
              },
              {
                "action": "allow",
                "description": "",
                "direction": "egress",
                "ethertype": "IPv6",
                "id": "6da7cfb1-81f0-4c43-b665-b02957797823",
                "port_range_max": 0,
                "port_range_min": 0,
                "ports": "",
                "priority": 100,
                "protocol": "",
                "remote_address_group_id": "",
                "remote_group_id": "",
                "remote_ip_prefix": ""
              },
              {
                "action": "allow",
                "description": "",
                "direction": "ingress",
                "ethertype": "IPv6",
                "id": "af728cd1-0796-4589-943b-4bd3ee361d89",
                "port_range_max": 0,
                "port_range_min": 0,
                "ports": "",
                "priority": 100,
                "protocol": "",
                "remote_address_group_id": "",
                "remote_group_id": "6829b32b-739f-4d5e-83a8-e769ec780489",
                "remote_ip_prefix": ""
              },
              {
                "action": "allow",
                "description": "",
                "direction": "ingress",
                "ethertype": "IPv4",
                "id": "31165505-0ac3-44d9-b21b-d6a10f8be4fe",
                "port_range_max": 0,
                "port_range_min": 0,
                "ports": "",
                "priority": 100,
                "protocol": "",
                "remote_address_group_id": "",
                "remote_group_id": "6829b32b-739f-4d5e-83a8-e769ec780489",
                "remote_ip_prefix": ""
              },
              {
                "action": "allow",
                "description": "",
                "direction": "egress",
                "ethertype": "IPv4",
                "id": "75b89d6c-1594-44f7-aea2-5e25f03a62e2",
                "port_range_max": 0,
                "port_range_min": 0,
                "ports": "",
                "priority": 100,
                "protocol": "",
                "remote_address_group_id": "",
                "remote_group_id": "",
                "remote_ip_prefix": ""
              }
            ],
            "timeouts": null,
            "updated_at": "2024-02-09T13:22:15Z"
          },
          "sensitive_attributes": [],
          "private": "eyJlMmJmYjczMC1lY2FhLTExZTYtOGY4OC0zNDM2M2JjN2M0YzAiOnsiZGVsZXRlIjo2MDAwMDAwMDAwMDB9fQ=="
        }
      ]
    },
    {
      "module": "module.sgroupmod",
      "mode": "managed",
      "type": "huaweicloud_networking_secgroup_rule",
      "name": "custom",
      "provider": "provider[\"registry.terraform.io/huaweicloud/huaweicloud\"]",
      "instances": [
        {
          "index_key": "0",
          "schema_version": 0,
          "attributes": {
            "action": "allow",
            "description": "",
            "direction": "ingress",
            "ethertype": "IPv4",
            "id": "3edddcf8-ea76-4c20-b53a-3dd18bb187d8",
            "port_range_max": 8080,
            "port_range_min": 8080,
            "ports": "8080",
            "priority": 1,
            "protocol": "tcp",
            "region": "sa-brazil-1",
            "remote_address_group_id": "",
            "remote_group_id": "",
            "remote_ip_prefix": "0.0.0.0/0",
            "security_group_id": "6829b32b-739f-4d5e-83a8-e769ec780489",
            "timeouts": null
          },
          "sensitive_attributes": [],
          "private": "eyJlMmJmYjczMC1lY2FhLTExZTYtOGY4OC0zNDM2M2JjN2M0YzAiOnsiZGVsZXRlIjo2MDAwMDAwMDAwMDB9fQ==",
          "dependencies": [
            "module.sgroupmod.huaweicloud_networking_secgroup.custom"
          ]
        },
        {
          "index_key": "1",
          "schema_version": 0,
          "attributes": {
            "action": "allow",
            "description": "",
            "direction": "egress",
            "ethertype": "IPv4",
            "id": "07b30912-6b28-462f-813d-e48315a8e5ad",
            "port_range_max": 8080,
            "port_range_min": 8080,
            "ports": "8080",
            "priority": 1,
            "protocol": "tcp",
            "region": "sa-brazil-1",
            "remote_address_group_id": "",
            "remote_group_id": "",
            "remote_ip_prefix": "0.0.0.0/0",
            "security_group_id": "6829b32b-739f-4d5e-83a8-e769ec780489",
            "timeouts": null
          },
          "sensitive_attributes": [],
          "private": "eyJlMmJmYjczMC1lY2FhLTExZTYtOGY4OC0zNDM2M2JjN2M0YzAiOnsiZGVsZXRlIjo2MDAwMDAwMDAwMDB9fQ==",
          "dependencies": [
            "module.sgroupmod.huaweicloud_networking_secgroup.custom"
          ]
        }
      ]
    },
    {
      "module": "module.vpcmod",
      "mode": "managed",
      "type": "huaweicloud_vpc",
      "name": "custom",
      "provider": "provider[\"registry.terraform.io/huaweicloud/huaweicloud\"]",
      "instances": [
        {
          "index_key": "my-vpc2",
          "schema_version": 0,
          "attributes": {
            "cidr": "10.144.0.0/21",
            "description": "",
            "enterprise_project_id": "0",
            "id": "9d03c036-563c-4773-8956-6661a9bd3a9a",
            "name": "my-vpc2",
            "region": "sa-brazil-1",
            "routes": [],
            "secondary_cidr": null,
            "status": "OK",
            "tags": {},
            "timeouts": null
          },
          "sensitive_attributes": [],
          "private": "eyJlMmJmYjczMC1lY2FhLTExZTYtOGY4OC0zNDM2M2JjN2M0YzAiOnsiY3JlYXRlIjo2MDAwMDAwMDAwMDAsImRlbGV0ZSI6MTgwMDAwMDAwMDAwfX0="
        }
      ]
    },
    {
      "module": "module.vpcmod",
      "mode": "managed",
      "type": "huaweicloud_vpc_subnet",
      "name": "custom",
      "provider": "provider[\"registry.terraform.io/huaweicloud/huaweicloud\"]",
      "instances": [
        {
          "index_key": "snet-pre-hub-private-saperu1-01",
          "schema_version": 0,
          "attributes": {
            "availability_zone": "",
            "cidr": "10.144.0.0/24",
            "description": "",
            "dhcp_enable": true,
            "dhcp_lease_time": null,
            "dns_list": [
              "100.125.1.22",
              "100.125.1.90"
            ],
            "gateway_ip": "10.144.0.1",
            "id": "0a9352bd-dcae-43b2-91d1-6185f5bf8b66",
            "ipv4_subnet_id": "b6d4034e-939b-4d3d-8e32-40f76357f262",
            "ipv6_cidr": "",
            "ipv6_enable": false,
            "ipv6_gateway": "",
            "ipv6_subnet_id": "",
            "name": "snet-pre-hub-private-saperu1-01",
            "ntp_server_address": null,
            "primary_dns": "100.125.1.22",
            "region": "sa-brazil-1",
            "secondary_dns": "100.125.1.90",
            "subnet_id": "b6d4034e-939b-4d3d-8e32-40f76357f262",
            "tags": {},
            "timeouts": null,
            "vpc_id": "9d03c036-563c-4773-8956-6661a9bd3a9a"
          },
          "sensitive_attributes": [],
          "private": "eyJlMmJmYjczMC1lY2FhLTExZTYtOGY4OC0zNDM2M2JjN2M0YzAiOnsiY3JlYXRlIjozMDAwMDAwMDAwMDAsImRlbGV0ZSI6NjAwMDAwMDAwMDAwfX0=",
          "dependencies": [
            "module.vpcmod.huaweicloud_vpc.custom"
          ]
        }
      ]
    }
  ],
  "check_results": null
}
